
Microsoft Visual Studio Solution File, Format Version 12.00
# Visual Studio 2017
Project("{FAE04EC0-301F-11D3-BF4B-00C04F79EFBC}") = "programmering.Plugins", "programmering.Plugins.csproj", "{520DCD20-E220-5C4A-A587-812386449DBC}"
EndProject
Project("{FAE04EC0-301F-11D3-BF4B-00C04F79EFBC}") = "programmering", "programmering.csproj", "{3977B1A3-0739-B47C-48F4-29EA38830D4C}"
EndProject
Project("{FAE04EC0-301F-11D3-BF4B-00C04F79EFBC}") = "programmering.Editor.Plugins", "programmering.Editor.Plugins.csproj", "{AA981D9A-2C46-9D5B-562F-44CB945D9440}"
EndProject
Global
	GlobalSection(SolutionConfigurationPlatforms) = preSolution
		Debug|Any CPU = Debug|Any CPU
		Release|Any CPU = Release|Any CPU
	EndGlobalSection
	GlobalSection(ProjectConfigurationPlatforms) = postSolution
		{520DCD20-E220-5C4A-A587-812386449DBC}.Debug|Any CPU.ActiveCfg = Debug|Any CPU
		{520DCD20-E220-5C4A-A587-812386449DBC}.Debug|Any CPU.Build.0 = Debug|Any CPU
		{520DCD20-E220-5C4A-A587-812386449DBC}.Release|Any CPU.ActiveCfg = Release|Any CPU
		{520DCD20-E220-5C4A-A587-812386449DBC}.Release|Any CPU.Build.0 = Release|Any CPU
		{3977B1A3-0739-B47C-48F4-29EA38830D4C}.Debug|Any CPU.ActiveCfg = Debug|Any CPU
		{3977B1A3-0739-B47C-48F4-29EA38830D4C}.Debug|Any CPU.Build.0 = Debug|Any CPU
		{3977B1A3-0739-B47C-48F4-29EA38830D4C}.Release|Any CPU.ActiveCfg = Release|Any CPU
		{3977B1A3-0739-B47C-48F4-29EA38830D4C}.Release|Any CPU.Build.0 = Release|Any CPU
		{AA981D9A-2C46-9D5B-562F-44CB945D9440}.Debug|Any CPU.ActiveCfg = Debug|Any CPU
		{AA981D9A-2C46-9D5B-562F-44CB945D9440}.Debug|Any CPU.Build.0 = Debug|Any CPU
		{AA981D9A-2C46-9D5B-562F-44CB945D9440}.Release|Any CPU.ActiveCfg = Release|Any CPU
		{AA981D9A-2C46-9D5B-562F-44CB945D9440}.Release|Any CPU.Build.0 = Release|Any CPU
	EndGlobalSection
	GlobalSection(SolutionProperties) = preSolution
		HideSolutionNode = FALSE
	EndGlobalSection
EndGlobal
